hash: 469a4a2dad30fe80007abdcc7353186dd72ca5fd1794ae326fadf9b96aa8c5f2
updated: 2017-11-03T05:13:52.427731705+08:00
imports:
- name: github.com/asaskevich/govalidator
  version: 9699ab6b38bee2e02cd3fe8b99ecf67665395c96
- name: github.com/gocql/gocql
  version: f8b6dcaf4f8a770652c11e7e94b517fcb706fce8
  subpackages:
  - internal/lru
  - internal/murmur
  - internal/streams
- name: github.com/golang/snappy
  version: d7b1e156f50d3c4664f683603af70e3e47fa0aa2
- name: github.com/gopherjs/gopherjs
  version: 4b53e1bddba0e2f734514aeb6c02db652f4c6fe8
  subpackages:
  - js
- name: github.com/hailocab/go-hostpool
  version: e80d13ce29ede4452c43dea11e79b9bc8a15b478
- name: github.com/intelsdi-x/snap
  version: 79e1dd457d77c985491c2f4746cbc425fb3dc2dd
  subpackages:
  - control/plugin
  - control/plugin/cpolicy
  - control/plugin/encoding
  - control/plugin/encrypter
  - core
  - core/cdata
  - core/ctypes
  - core/serror
  - pkg/ctree
  - pkg/fileutils
  - pkg/schedule
  - pkg/stringutils
  - scheduler/wmap
- name: github.com/jtolds/gls
  version: 8ddce2a84170772b95dd5d576c48d517b22cac63
- name: github.com/robfig/cron
  version: 32d9c273155a0506d27cf73dd1246e86a470997e
- name: github.com/sirupsen/logrus
  version: be52937128b38f1d99787bb476c789e2af1147f1
- name: github.com/smartystreets/assertions
  version: 443d812296a84445c202c085f19e18fc238f8250
  subpackages:
  - internal/go-render/render
  - internal/oglematchers
- name: github.com/smartystreets/goconvey
  version: 995f5b2e021c69b8b028ba6d0b05c1dd500783db
  subpackages:
  - convey
  - convey/gotest
  - convey/reporting
- name: golang.org/x/net
  version: 04557861f124410b768b1ba5bb3a91b705afbfc6
  subpackages:
  - context
- name: golang.org/x/sys
  version: c8bc69bc2db9c57ccf979550bc69655df5039a8a
  subpackages:
  - unix
- name: gopkg.in/inf.v0
  version: 3887ee99ecf07df5b447e9b00d9c0b2adaa9f3e4
- name: gopkg.in/yaml.v2
  version: c1cd2254a6dd314c9d73c338c12688c9325d85c6
testImports: []
